
Microsoft Visual Studio Solution File, Format Version 12.00
# Visual Studio 2012
Project("{FAE04EC0-301F-11D3-BF4B-00C04F79EFBC}") = "WifiInterfaceProj", "wifi_interfaces_032017\WifiInterfaceProj.csproj", "{8485A680-6420-4153-B290-40C32FD9C4A8}"
EndProject
Global
	GlobalSection(SolutionConfigurationPlatforms) = preSolution
		Debug|Any CPU = Debug|Any CPU
		Release|Any CPU = Release|Any CPU
	EndGlobalSection
	GlobalSection(ProjectConfigurationPlatforms) = postSolution
		{8485A680-6420-4153-B290-40C32FD9C4A8}.Debug|Any CPU.ActiveCfg = Debug|Any CPU
		{8485A680-6420-4153-B290-40C32FD9C4A8}.Debug|Any CPU.Build.0 = Debug|Any CPU
		{8485A680-6420-4153-B290-40C32FD9C4A8}.Release|Any CPU.ActiveCfg = Release|Any CPU
		{8485A680-6420-4153-B290-40C32FD9C4A8}.Release|Any CPU.Build.0 = Release|Any CPU
	EndGlobalSection
	GlobalSection(SolutionProperties) = preSolution
		HideSolutionNode = FALSE
	EndGlobalSection
EndGlobal
